// !$*UTF8*$!
{
	archiveVersion = 1;
	classes = {
	};
	objectVersion = 56;
	objects = {

/* Begin PBXBuildFile section */
		4B1E7143295FD0EE008F0312 /* PickerPlusApp.swift in Sources */ = {isa = PBXBuildFile; fileRef = 4B1E7142295FD0EE008F0312 /* PickerPlusApp.swift */; };
		4B1E7145295FD0EE008F0312 /* CustomPicker.swift in Sources */ = {isa = PBXBuildFile; fileRef = 4B1E7144295FD0EE008F0312 /* CustomPicker.swift */; };
		4B1E7147295FD0F0008F0312 /* Assets.xcassets in Resources */ = {isa = PBXBuildFile; fileRef = 4B1E7146295FD0F0008F0312 /* Assets.xcassets */; };
		4B1E714A295FD0F0008F0312 /* Preview Assets.xcassets in Resources */ = {isa = PBXBuildFile; fileRef = 4B1E7149295FD0F0008F0312 /* Preview Assets.xcassets */; };
		4B1E7154295FD0F0008F0312 /* UISegmentControlTests.swift in Sources */ = {isa = PBXBuildFile; fileRef = 4B1E7153295FD0F0008F0312 /* UISegmentControlTests.swift */; };
		4B1E715E295FD0F0008F0312 /* UISegmentControlUITests.swift in Sources */ = {isa = PBXBuildFile; fileRef = 4B1E715D295FD0F0008F0312 /* UISegmentControlUITests.swift */; };
		4B1E7160295FD0F0008F0312 /* UISegmentControlUITestsLaunchTests.swift in Sources */ = {isa = PBXBuildFile; fileRef = 4B1E715F295FD0F0008F0312 /* UISegmentControlUITestsLaunchTests.swift */; };
		4BB3A25129949DA800A5FF46 /* PickerPlus.swift in Sources */ = {isa = PBXBuildFile; fileRef = 4BB3A25029949DA800A5FF46 /* PickerPlus.swift */; };
		4BB3A25329949DAD00A5FF46 /* Shape+FillBorder.swift in Sources */ = {isa = PBXBuildFile; fileRef = 4BB3A25229949DAD00A5FF46 /* Shape+FillBorder.swift */; };
		4BB3A25C2994A3DD00A5FF46 /* Vehicles.swift in Sources */ = {isa = PBXBuildFile; fileRef = 4BB3A25B2994A3DD00A5FF46 /* Vehicles.swift */; };
		4BB3A25E2994A40600A5FF46 /* Vehicles+Color.swift in Sources */ = {isa = PBXBuildFile; fileRef = 4BB3A25D2994A40600A5FF46 /* Vehicles+Color.swift */; };
		4BB3A2602994A44A00A5FF46 /* Vehicles+Image.swift in Sources */ = {isa = PBXBuildFile; fileRef = 4BB3A25F2994A44A00A5FF46 /* Vehicles+Image.swift */; };
		4BB3A26429962C2800A5FF46 /* PickerLimitations.swift in Sources */ = {isa = PBXBuildFile; fileRef = 4BB3A26329962C2800A5FF46 /* PickerLimitations.swift */; };
		4BB3A26629962D4300A5FF46 /* StyledPicker.swift in Sources */ = {isa = PBXBuildFile; fileRef = 4BB3A26529962D4300A5FF46 /* StyledPicker.swift */; };
		4BB3A26829962ED000A5FF46 /* OwnedVehicle.swift in Sources */ = {isa = PBXBuildFile; fileRef = 4BB3A26729962ED000A5FF46 /* OwnedVehicle.swift */; };
		4BB3A26A29962FD100A5FF46 /* DefaultPickerExamples.swift in Sources */ = {isa = PBXBuildFile; fileRef = 4BB3A26929962FD100A5FF46 /* DefaultPickerExamples.swift */; };
		4BF6A99D299A163500A55628 /* SimpleItem.swift in Sources */ = {isa = PBXBuildFile; fileRef = 4BF6A99C299A163500A55628 /* SimpleItem.swift */; };
		4BF6A99F299A166800A55628 /* VerticalItem.swift in Sources */ = {isa = PBXBuildFile; fileRef = 4BF6A99E299A166800A55628 /* VerticalItem.swift */; };
/* End PBXBuildFile section */

/* Begin PBXContainerItemProxy section */
		4B1E7150295FD0F0008F0312 /* PBXContainerItemProxy */ = {
			isa = PBXContainerItemProxy;
			containerPortal = 4B1E7137295FD0EE008F0312 /* Project object */;
			proxyType = 1;
			remoteGlobalIDString = 4B1E713E295FD0EE008F0312;
			remoteInfo = UISegmentControl;
		};
		4B1E715A295FD0F0008F0312 /* PBXContainerItemProxy */ = {
			isa = PBXContainerItemProxy;
			containerPortal = 4B1E7137295FD0EE008F0312 /* Project object */;
			proxyType = 1;
			remoteGlobalIDString = 4B1E713E295FD0EE008F0312;
			remoteInfo = UISegmentControl;
		};
/* End PBXContainerItemProxy section */

/* Begin PBXFileReference section */
		4B1E713F295FD0EE008F0312 /* PickerPlus.app */ = {isa = PBXFileReference; explicitFileType = wrapper.application; includeInIndex = 0; path = PickerPlus.app; sourceTree = BUILT_PRODUCTS_DIR; };
		4B1E7142295FD0EE008F0312 /* PickerPlusApp.swift */ = {isa = PBXFileReference; lastKnownFileType = sourcecode.swift; path = PickerPlusApp.swift; sourceTree = "<group>"; };
		4B1E7144295FD0EE008F0312 /* CustomPicker.swift */ = {isa = PBXFileReference; lastKnownFileType = sourcecode.swift; path = CustomPicker.swift; sourceTree = "<group>"; };
		4B1E7146295FD0F0008F0312 /* Assets.xcassets */ = {isa = PBXFileReference; lastKnownFileType = folder.assetcatalog; path = Assets.xcassets; sourceTree = "<group>"; };
		4B1E7149295FD0F0008F0312 /* Preview Assets.xcassets */ = {isa = PBXFileReference; lastKnownFileType = folder.assetcatalog; path = "Preview Assets.xcassets"; sourceTree = "<group>"; };
		4B1E714F295FD0F0008F0312 /* PickerPlusTests.xctest */ = {isa = PBXFileReference; explicitFileType = wrapper.cfbundle; includeInIndex = 0; path = PickerPlusTests.xctest; sourceTree = BUILT_PRODUCTS_DIR; };
		4B1E7153295FD0F0008F0312 /* UISegmentControlTests.swift */ = {isa = PBXFileReference; lastKnownFileType = sourcecode.swift; path = UISegmentControlTests.swift; sourceTree = "<group>"; };
		4B1E7159295FD0F0008F0312 /* PickerPlusUITests.xctest */ = {isa = PBXFileReference; explicitFileType = wrapper.cfbundle; includeInIndex = 0; path = PickerPlusUITests.xctest; sourceTree = BUILT_PRODUCTS_DIR; };
		4B1E715D295FD0F0008F0312 /* UISegmentControlUITests.swift */ = {isa = PBXFileReference; lastKnownFileType = sourcecode.swift; path = UISegmentControlUITests.swift; sourceTree = "<group>"; };
		4B1E715F295FD0F0008F0312 /* UISegmentControlUITestsLaunchTests.swift */ = {isa = PBXFileReference; lastKnownFileType = sourcecode.swift; path = UISegmentControlUITestsLaunchTests.swift; sourceTree = "<group>"; };
		4BB3A25029949DA800A5FF46 /* PickerPlus.swift */ = {isa = PBXFileReference; fileEncoding = 4; lastKnownFileType = sourcecode.swift; path = PickerPlus.swift; sourceTree = "<group>"; };
		4BB3A25229949DAD00A5FF46 /* Shape+FillBorder.swift */ = {isa = PBXFileReference; fileEncoding = 4; lastKnownFileType = sourcecode.swift; path = "Shape+FillBorder.swift"; sourceTree = "<group>"; };
		4BB3A25B2994A3DD00A5FF46 /* Vehicles.swift */ = {isa = PBXFileReference; lastKnownFileType = sourcecode.swift; path = Vehicles.swift; sourceTree = "<group>"; };
		4BB3A25D2994A40600A5FF46 /* Vehicles+Color.swift */ = {isa = PBXFileReference; lastKnownFileType = sourcecode.swift; path = "Vehicles+Color.swift"; sourceTree = "<group>"; };
		4BB3A25F2994A44A00A5FF46 /* Vehicles+Image.swift */ = {isa = PBXFileReference; lastKnownFileType = sourcecode.swift; path = "Vehicles+Image.swift"; sourceTree = "<group>"; };
		4BB3A26329962C2800A5FF46 /* PickerLimitations.swift */ = {isa = PBXFileReference; lastKnownFileType = sourcecode.swift; path = PickerLimitations.swift; sourceTree = "<group>"; };
		4BB3A26529962D4300A5FF46 /* StyledPicker.swift */ = {isa = PBXFileReference; lastKnownFileType = sourcecode.swift; path = StyledPicker.swift; sourceTree = "<group>"; };
		4BB3A26729962ED000A5FF46 /* OwnedVehicle.swift */ = {isa = PBXFileReference; lastKnownFileType = sourcecode.swift; path = OwnedVehicle.swift; sourceTree = "<group>"; };
		4BB3A26929962FD100A5FF46 /* DefaultPickerExamples.swift */ = {isa = PBXFileReference; lastKnownFileType = sourcecode.swift; path = DefaultPickerExamples.swift; sourceTree = "<group>"; };
		4BF6A99C299A163500A55628 /* SimpleItem.swift */ = {isa = PBXFileReference; lastKnownFileType = sourcecode.swift; path = SimpleItem.swift; sourceTree = "<group>"; };
		4BF6A99E299A166800A55628 /* VerticalItem.swift */ = {isa = PBXFileReference; lastKnownFileType = sourcecode.swift; path = VerticalItem.swift; sourceTree = "<group>"; };
/* End PBXFileReference section */

/* Begin PBXFrameworksBuildPhase section */
		4B1E713C295FD0EE008F0312 /* Frameworks */ = {
			isa = PBXFrameworksBuildPhase;
			buildActionMask = 2147483647;
			files = (
			);
			runOnlyForDeploymentPostprocessing = 0;
		};
		4B1E714C295FD0F0008F0312 /* Frameworks */ = {
			isa = PBXFrameworksBuildPhase;
			buildActionMask = 2147483647;
			files = (
			);
			runOnlyForDeploymentPostprocessing = 0;
		};
		4B1E7156295FD0F0008F0312 /* Frameworks */ = {
			isa = PBXFrameworksBuildPhase;
			buildActionMask = 2147483647;
			files = (
			);
			runOnlyForDeploymentPostprocessing = 0;
		};
/* End PBXFrameworksBuildPhase section */

/* Begin PBXGroup section */
		4B1E7136295FD0EE008F0312 = {
			isa = PBXGroup;
			children = (
				4BCCD7B429872A6C001ABE5E /* Packages */,
				4B1E7141295FD0EE008F0312 /* PickerPlus */,
				4B1E7152295FD0F0008F0312 /* PickerPlusTests */,
				4B1E715C295FD0F0008F0312 /* PickerPlusUITests */,
				4B1E7140295FD0EE008F0312 /* Products */,
				4BCCD7B629872B88001ABE5E /* Frameworks */,
			);
			sourceTree = "<group>";
		};
		4B1E7140295FD0EE008F0312 /* Products */ = {
			isa = PBXGroup;
			children = (
				4B1E713F295FD0EE008F0312 /* PickerPlus.app */,
				4B1E714F295FD0F0008F0312 /* PickerPlusTests.xctest */,
				4B1E7159295FD0F0008F0312 /* PickerPlusUITests.xctest */,
			);
			name = Products;
			sourceTree = "<group>";
		};
		4B1E7141295FD0EE008F0312 /* PickerPlus */ = {
			isa = PBXGroup;
			children = (
				4BB3A25A2994A3CD00A5FF46 /* Domain */,
				4BB3A2552994A34A00A5FF46 /* Extensions */,
				4BB3A2542994A33800A5FF46 /* UI */,
				4B1E7142295FD0EE008F0312 /* PickerPlusApp.swift */,
				4B1E7144295FD0EE008F0312 /* CustomPicker.swift */,
				4B1E7146295FD0F0008F0312 /* Assets.xcassets */,
				4B1E7148295FD0F0008F0312 /* Preview Content */,
				4BB3A26329962C2800A5FF46 /* PickerLimitations.swift */,
				4BB3A26529962D4300A5FF46 /* StyledPicker.swift */,
				4BB3A26929962FD100A5FF46 /* DefaultPickerExamples.swift */,
			);
			path = PickerPlus;
			sourceTree = "<group>";
		};
		4B1E7148295FD0F0008F0312 /* Preview Content */ = {
			isa = PBXGroup;
			children = (
				4B1E7149295FD0F0008F0312 /* Preview Assets.xcassets */,
			);
			path = "Preview Content";
			sourceTree = "<group>";
		};
		4B1E7152295FD0F0008F0312 /* PickerPlusTests */ = {
			isa = PBXGroup;
			children = (
				4B1E7153295FD0F0008F0312 /* UISegmentControlTests.swift */,
			);
			path = PickerPlusTests;
			sourceTree = "<group>";
		};
		4B1E715C295FD0F0008F0312 /* PickerPlusUITests */ = {
			isa = PBXGroup;
			children = (
				4B1E715D295FD0F0008F0312 /* UISegmentControlUITests.swift */,
				4B1E715F295FD0F0008F0312 /* UISegmentControlUITestsLaunchTests.swift */,
			);
			path = PickerPlusUITests;
			sourceTree = "<group>";
		};
		4BB3A2542994A33800A5FF46 /* UI */ = {
			isa = PBXGroup;
			children = (
				4BB3A25029949DA800A5FF46 /* PickerPlus.swift */,
				4BF6A99C299A163500A55628 /* SimpleItem.swift */,
				4BF6A99E299A166800A55628 /* VerticalItem.swift */,
			);
			path = UI;
			sourceTree = "<group>";
		};
		4BB3A2552994A34A00A5FF46 /* Extensions */ = {
			isa = PBXGroup;
			children = (
				4BB3A25229949DAD00A5FF46 /* Shape+FillBorder.swift */,
				4BB3A25D2994A40600A5FF46 /* Vehicles+Color.swift */,
				4BB3A25F2994A44A00A5FF46 /* Vehicles+Image.swift */,
			);
			path = Extensions;
			sourceTree = "<group>";
		};
		4BB3A25A2994A3CD00A5FF46 /* Domain */ = {
			isa = PBXGroup;
			children = (
				4BB3A25B2994A3DD00A5FF46 /* Vehicles.swift */,
				4BB3A26729962ED000A5FF46 /* OwnedVehicle.swift */,
			);
			path = Domain;
			sourceTree = "<group>";
		};
		4BCCD7B429872A6C001ABE5E /* Packages */ = {
			isa = PBXGroup;
			children = (
			);
			name = Packages;
			sourceTree = "<group>";
		};
		4BCCD7B629872B88001ABE5E /* Frameworks */ = {
			isa = PBXGroup;
			children = (
			);
			name = Frameworks;
			sourceTree = "<group>";
		};
/* End PBXGroup section */

/* Begin PBXNativeTarget section */
		4B1E713E295FD0EE008F0312 /* PickerPlus */ = {
			isa = PBXNativeTarget;
			buildConfigurationList = 4B1E7163295FD0F0008F0312 /* Build configuration list for PBXNativeTarget "PickerPlus" */;
			buildPhases = (
				4B1E713B295FD0EE008F0312 /* Sources */,
				4B1E713C295FD0EE008F0312 /* Frameworks */,
				4B1E713D295FD0EE008F0312 /* Resources */,
			);
			buildRules = (
			);
			dependencies = (
			);
			name = PickerPlus;
			packageProductDependencies = (
			);
			productName = UISegmentControl;
			productReference = 4B1E713F295FD0EE008F0312 /* PickerPlus.app */;
			productType = "com.apple.product-type.application";
		};
		4B1E714E295FD0F0008F0312 /* PickerPlusTests */ = {
			isa = PBXNativeTarget;
			buildConfigurationList = 4B1E7166295FD0F0008F0312 /* Build configuration list for PBXNativeTarget "PickerPlusTests" */;
			buildPhases = (
				4B1E714B295FD0F0008F0312 /* Sources */,
				4B1E714C295FD0F0008F0312 /* Frameworks */,
				4B1E714D295FD0F0008F0312 /* Resources */,
			);
			buildRules = (
			);
			dependencies = (
				4B1E7151295FD0F0008F0312 /* PBXTargetDependency */,
			);
			name = PickerPlusTests;
			productName = UISegmentControlTests;
			productReference = 4B1E714F295FD0F0008F0312 /* PickerPlusTests.xctest */;
			productType = "com.apple.product-type.bundle.unit-test";
		};
		4B1E7158295FD0F0008F0312 /* PickerPlusUITests */ = {
			isa = PBXNativeTarget;
			buildConfigurationList = 4B1E7169295FD0F0008F0312 /* Build configuration list for PBXNativeTarget "PickerPlusUITests" */;
			buildPhases = (
				4B1E7155295FD0F0008F0312 /* Sources */,
				4B1E7156295FD0F0008F0312 /* Frameworks */,
				4B1E7157295FD0F0008F0312 /* Resources */,
			);
			buildRules = (
			);
			dependencies = (
				4B1E715B295FD0F0008F0312 /* PBXTargetDependency */,
			);
			name = PickerPlusUITests;
			productName = UISegmentControlUITests;
			productReference = 4B1E7159295FD0F0008F0312 /* PickerPlusUITests.xctest */;
			productType = "com.apple.product-type.bundle.ui-testing";
		};
/* End PBXNativeTarget section */

/* Begin PBXProject section */
		4B1E7137295FD0EE008F0312 /* Project object */ = {
			isa = PBXProject;
			attributes = {
				BuildIndependentTargetsInParallel = 1;
				LastSwiftUpdateCheck = 1400;
				LastUpgradeCheck = 1400;
				TargetAttributes = {
					4B1E713E295FD0EE008F0312 = {
						CreatedOnToolsVersion = 14.0.1;
					};
					4B1E714E295FD0F0008F0312 = {
						CreatedOnToolsVersion = 14.0.1;
						TestTargetID = 4B1E713E295FD0EE008F0312;
					};
					4B1E7158295FD0F0008F0312 = {
						CreatedOnToolsVersion = 14.0.1;
						TestTargetID = 4B1E713E295FD0EE008F0312;
					};
				};
			};
			buildConfigurationList = 4B1E713A295FD0EE008F0312 /* Build configuration list for PBXProject "PickerPlus" */;
			compatibilityVersion = "Xcode 14.0";
			developmentRegion = en;
			hasScannedForEncodings = 0;
			knownRegions = (
				en,
				Base,
			);
			mainGroup = 4B1E7136295FD0EE008F0312;
			productRefGroup = 4B1E7140295FD0EE008F0312 /* Products */;
			projectDirPath = "";
			projectRoot = "";
			targets = (
				4B1E713E295FD0EE008F0312 /* PickerPlus */,
				4B1E714E295FD0F0008F0312 /* PickerPlusTests */,
				4B1E7158295FD0F0008F0312 /* PickerPlusUITests */,
			);
		};
/* End PBXProject section */

/* Begin PBXResourcesBuildPhase section */
		4B1E713D295FD0EE008F0312 /* Resources */ = {
			isa = PBXResourcesBuildPhase;
			buildActionMask = 2147483647;
			files = (
				4B1E714A295FD0F0008F0312 /* Preview Assets.xcassets in Resources */,
				4B1E7147295FD0F0008F0312 /* Assets.xcassets in Resources */,
			);
			runOnlyForDeploymentPostprocessing = 0;
		};
		4B1E714D295FD0F0008F0312 /* Resources */ = {
			isa = PBXResourcesBuildPhase;
			buildActionMask = 2147483647;
			files = (
			);
			runOnlyForDeploymentPostprocessing = 0;
		};
		4B1E7157295FD0F0008F0312 /* Resources */ = {
			isa = PBXResourcesBuildPhase;
			buildActionMask = 2147483647;
			files = (
			);
			runOnlyForDeploymentPostprocessing = 0;
		};
/* End PBXResourcesBuildPhase section */

/* Begin PBXSourcesBuildPhase section */
		4B1E713B295FD0EE008F0312 /* Sources */ = {
			isa = PBXSourcesBuildPhase;
			buildActionMask = 2147483647;
			files = (
				4BF6A99F299A166800A55628 /* VerticalItem.swift in Sources */,
				4BF6A99D299A163500A55628 /* SimpleItem.swift in Sources */,
				4BB3A26A29962FD100A5FF46 /* DefaultPickerExamples.swift in Sources */,
				4B1E7145295FD0EE008F0312 /* CustomPicker.swift in Sources */,
				4BB3A25129949DA800A5FF46 /* PickerPlus.swift in Sources */,
				4BB3A26629962D4300A5FF46 /* StyledPicker.swift in Sources */,
				4BB3A2602994A44A00A5FF46 /* Vehicles+Image.swift in Sources */,
				4BB3A25329949DAD00A5FF46 /* Shape+FillBorder.swift in Sources */,
				4BB3A25E2994A40600A5FF46 /* Vehicles+Color.swift in Sources */,
				4B1E7143295FD0EE008F0312 /* PickerPlusApp.swift in Sources */,
				4BB3A26429962C2800A5FF46 /* PickerLimitations.swift in Sources */,
				4BB3A25C2994A3DD00A5FF46 /* Vehicles.swift in Sources */,
				4BB3A26829962ED000A5FF46 /* OwnedVehicle.swift in Sources */,
			);
			runOnlyForDeploymentPostprocessing = 0;
		};
		4B1E714B295FD0F0008F0312 /* Sources */ = {
			isa = PBXSourcesBuildPhase;
			buildActionMask = 2147483647;
			files = (
				4B1E7154295FD0F0008F0312 /* UISegmentControlTests.swift in Sources */,
			);
			runOnlyForDeploymentPostprocessing = 0;
		};
		4B1E7155295FD0F0008F0312 /* Sources */ = {
			isa = PBXSourcesBuildPhase;
			buildActionMask = 2147483647;
			files = (
				4B1E7160295FD0F0008F0312 /* UISegmentControlUITestsLaunchTests.swift in Sources */,
				4B1E715E295FD0F0008F0312 /* UISegmentControlUITests.swift in Sources */,
			);
			runOnlyForDeploymentPostprocessing = 0;
		};
/* End PBXSourcesBuildPhase section */

/* Begin PBXTargetDependency section */
		4B1E7151295FD0F0008F0312 /* PBXTargetDependency */ = {
			isa = PBXTargetDependency;
			target = 4B1E713E295FD0EE008F0312 /* PickerPlus */;
			targetProxy = 4B1E7150295FD0F0008F0312 /* PBXContainerItemProxy */;
		};
		4B1E715B295FD0F0008F0312 /* PBXTargetDependency */ = {
			isa = PBXTargetDependency;
			target = 4B1E713E295FD0EE008F0312 /* PickerPlus */;
			targetProxy = 4B1E715A295FD0F0008F0312 /* PBXContainerItemProxy */;
		};
/* End PBXTargetDependency section */

/* Begin XCBuildConfiguration section */
		4B1E7161295FD0F0008F0312 /* Debug */ = {
			isa = XCBuildConfiguration;
			buildSettings = {
				ALWAYS_SEARCH_USER_PATHS = NO;
				CLANG_ANALYZER_NONNULL = YES;
				CLANG_ANALYZER_NUMBER_OBJECT_CONVERSION = YES_AGGRESSIVE;
				CLANG_CXX_LANGUAGE_STANDARD = "gnu++20";
				CLANG_ENABLE_MODULES = YES;
				CLANG_ENABLE_OBJC_ARC = YES;
				CLANG_ENABLE_OBJC_WEAK = YES;
				CLANG_WARN_BLOCK_CAPTURE_AUTORELEASING = YES;
				CLANG_WARN_BOOL_CONVERSION = YES;
				CLANG_WARN_COMMA = YES;
				CLANG_WARN_CONSTANT_CONVERSION = YES;
				CLANG_WARN_DEPRECATED_OBJC_IMPLEMENTATIONS = YES;
				CLANG_WARN_DIRECT_OBJC_ISA_USAGE = YES_ERROR;
				CLANG_WARN_DOCUMENTATION_COMMENTS = YES;
				CLANG_WARN_EMPTY_BODY = YES;
				CLANG_WARN_ENUM_CONVERSION = YES;
				CLANG_WARN_INFINITE_RECURSION = YES;
				CLANG_WARN_INT_CONVERSION = YES;
				CLANG_WARN_NON_LITERAL_NULL_CONVERSION = YES;
				CLANG_WARN_OBJC_IMPLICIT_RETAIN_SELF = YES;
				CLANG_WARN_OBJC_LITERAL_CONVERSION = YES;
				CLANG_WARN_OBJC_ROOT_CLASS = YES_ERROR;
				CLANG_WARN_QUOTED_INCLUDE_IN_FRAMEWORK_HEADER = YES;
				CLANG_WARN_RANGE_LOOP_ANALYSIS = YES;
				CLANG_WARN_STRICT_PROTOTYPES = YES;
				CLANG_WARN_SUSPICIOUS_MOVE = YES;
				CLANG_WARN_UNGUARDED_AVAILABILITY = YES_AGGRESSIVE;
				CLANG_WARN_UNREACHABLE_CODE = YES;
				CLANG_WARN__DUPLICATE_METHOD_MATCH = YES;
				COPY_PHASE_STRIP = NO;
				DEBUG_INFORMATION_FORMAT = dwarf;
				ENABLE_STRICT_OBJC_MSGSEND = YES;
				ENABLE_TESTABILITY = YES;
				GCC_C_LANGUAGE_STANDARD = gnu11;
				GCC_DYNAMIC_NO_PIC = NO;
				GCC_NO_COMMON_BLOCKS = YES;
				GCC_OPTIMIZATION_LEVEL = 0;
				GCC_PREPROCESSOR_DEFINITIONS = (
					"DEBUG=1",
					"$(inherited)",
				);
				GCC_WARN_64_TO_32_BIT_CONVERSION = YES;
				GCC_WARN_ABOUT_RETURN_TYPE = YES_ERROR;
				GCC_WARN_UNDECLARED_SELECTOR = YES;
				GCC_WARN_UNINITIALIZED_AUTOS = YES_AGGRESSIVE;
				GCC_WARN_UNUSED_FUNCTION = YES;
				GCC_WARN_UNUSED_VARIABLE = YES;
				IPHONEOS_DEPLOYMENT_TARGET = 16.0;
				MTL_ENABLE_DEBUG_INFO = INCLUDE_SOURCE;
				MTL_FAST_MATH = YES;
				ONLY_ACTIVE_ARCH = YES;
				SDKROOT = iphoneos;
				SWIFT_ACTIVE_COMPILATION_CONDITIONS = DEBUG;
				SWIFT_OPTIMIZATION_LEVEL = "-Onone";
			};
			name = Debug;
		};
		4B1E7162295FD0F0008F0312 /* Release */ = {
			isa = XCBuildConfiguration;
			buildSettings = {
				ALWAYS_SEARCH_USER_PATHS = NO;
				CLANG_ANALYZER_NONNULL = YES;
				CLANG_ANALYZER_NUMBER_OBJECT_CONVERSION = YES_AGGRESSIVE;
				CLANG_CXX_LANGUAGE_STANDARD = "gnu++20";
				CLANG_ENABLE_MODULES = YES;
				CLANG_ENABLE_OBJC_ARC = YES;
				CLANG_ENABLE_OBJC_WEAK = YES;
				CLANG_WARN_BLOCK_CAPTURE_AUTORELEASING = YES;
				CLANG_WARN_BOOL_CONVERSION = YES;
				CLANG_WARN_COMMA = YES;
				CLANG_WARN_CONSTANT_CONVERSION = YES;
				CLANG_WARN_DEPRECATED_OBJC_IMPLEMENTATIONS = YES;
				CLANG_WARN_DIRECT_OBJC_ISA_USAGE = YES_ERROR;
				CLANG_WARN_DOCUMENTATION_COMMENTS = YES;
				CLANG_WARN_EMPTY_BODY = YES;
				CLANG_WARN_ENUM_CONVERSION = YES;
				CLANG_WARN_INFINITE_RECURSION = YES;
				CLANG_WARN_INT_CONVERSION = YES;
				CLANG_WARN_NON_LITERAL_NULL_CONVERSION = YES;
				CLANG_WARN_OBJC_IMPLICIT_RETAIN_SELF = YES;
				CLANG_WARN_OBJC_LITERAL_CONVERSION = YES;
				CLANG_WARN_OBJC_ROOT_CLASS = YES_ERROR;
				CLANG_WARN_QUOTED_INCLUDE_IN_FRAMEWORK_HEADER = YES;
				CLANG_WARN_RANGE_LOOP_ANALYSIS = YES;
				CLANG_WARN_STRICT_PROTOTYPES = YES;
				CLANG_WARN_SUSPICIOUS_MOVE = YES;
				CLANG_WARN_UNGUARDED_AVAILABILITY = YES_AGGRESSIVE;
				CLANG_WARN_UNREACHABLE_CODE = YES;
				CLANG_WARN__DUPLICATE_METHOD_MATCH = YES;
				COPY_PHASE_STRIP = NO;
				DEBUG_INFORMATION_FORMAT = "dwarf-with-dsym";
				ENABLE_NS_ASSERTIONS = NO;
				ENABLE_STRICT_OBJC_MSGSEND = YES;
				GCC_C_LANGUAGE_STANDARD = gnu11;
				GCC_NO_COMMON_BLOCKS = YES;
				GCC_WARN_64_TO_32_BIT_CONVERSION = YES;
				GCC_WARN_ABOUT_RETURN_TYPE = YES_ERROR;
				GCC_WARN_UNDECLARED_SELECTOR = YES;
				GCC_WARN_UNINITIALIZED_AUTOS = YES_AGGRESSIVE;
				GCC_WARN_UNUSED_FUNCTION = YES;
				GCC_WARN_UNUSED_VARIABLE = YES;
				IPHONEOS_DEPLOYMENT_TARGET = 16.0;
				MTL_ENABLE_DEBUG_INFO = NO;
				MTL_FAST_MATH = YES;
				SDKROOT = iphoneos;
				SWIFT_COMPILATION_MODE = wholemodule;
				SWIFT_OPTIMIZATION_LEVEL = "-O";
				VALIDATE_PRODUCT = YES;
			};
			name = Release;
		};
		4B1E7164295FD0F0008F0312 /* Debug */ = {
			isa = XCBuildConfiguration;
			buildSettings = {
				ASSETCATALOG_COMPILER_APPICON_NAME = AppIcon;
				ASSETCATALOG_COMPILER_GLOBAL_ACCENT_COLOR_NAME = AccentColor;
				CODE_SIGN_STYLE = Automatic;
				CURRENT_PROJECT_VERSION = 1;
				DEVELOPMENT_ASSET_PATHS = "\"PickerPlus/Preview Content\"";
				ENABLE_PREVIEWS = YES;
				GENERATE_INFOPLIST_FILE = YES;
				INFOPLIST_KEY_UIApplicationSceneManifest_Generation = YES;
				INFOPLIST_KEY_UIApplicationSupportsIndirectInputEvents = YES;
				INFOPLIST_KEY_UILaunchScreen_Generation = YES;
				INFOPLIST_KEY_UISupportedInterfaceOrientations_iPad = "UIInterfaceOrientationPortrait UIInterfaceOrientationPortraitUpsideDown UIInterfaceOrientationLandscapeLeft UIInterfaceOrientationLandscapeRight";
				INFOPLIST_KEY_UISupportedInterfaceOrientations_iPhone = "UIInterfaceOrientationPortrait UIInterfaceOrientationLandscapeLeft UIInterfaceOrientationLandscapeRight";
				LD_RUNPATH_SEARCH_PATHS = (
					"$(inherited)",
					"@executable_path/Frameworks",
				);
				MARKETING_VERSION = 1.0;
				PRODUCT_BUNDLE_IDENTIFIER = dev.codingale.PickerPlus;
				PRODUCT_NAME = "$(TARGET_NAME)";
				SWIFT_EMIT_LOC_STRINGS = YES;
				SWIFT_VERSION = 5.0;
				TARGETED_DEVICE_FAMILY = "1,2";
			};
			name = Debug;
		};
		4B1E7165295FD0F0008F0312 /* Release */ = {
			isa = XCBuildConfiguration;
			buildSettings = {
				ASSETCATALOG_COMPILER_APPICON_NAME = AppIcon;
				ASSETCATALOG_COMPILER_GLOBAL_ACCENT_COLOR_NAME = AccentColor;
				CODE_SIGN_STYLE = Automatic;
				CURRENT_PROJECT_VERSION = 1;
				DEVELOPMENT_ASSET_PATHS = "\"PickerPlus/Preview Content\"";
				ENABLE_PREVIEWS = YES;
				GENERATE_INFOPLIST_FILE = YES;
				INFOPLIST_KEY_UIApplicationSceneManifest_Generation = YES;
				INFOPLIST_KEY_UIApplicationSupportsIndirectInputEvents = YES;
				INFOPLIST_KEY_UILaunchScreen_Generation = YES;
				INFOPLIST_KEY_UISupportedInterfaceOrientations_iPad = "UIInterfaceOrientationPortrait UIInterfaceOrientationPortraitUpsideDown UIInterfaceOrientationLandscapeLeft UIInterfaceOrientationLandscapeRight";
				INFOPLIST_KEY_UISupportedInterfaceOrientations_iPhone = "UIInterfaceOrientationPortrait UIInterfaceOrientationLandscapeLeft UIInterfaceOrientationLandscapeRight";
				LD_RUNPATH_SEARCH_PATHS = (
					"$(inherited)",
					"@executable_path/Frameworks",
				);
				MARKETING_VERSION = 1.0;
				PRODUCT_BUNDLE_IDENTIFIER = dev.codingale.PickerPlus;
				PRODUCT_NAME = "$(TARGET_NAME)";
				SWIFT_EMIT_LOC_STRINGS = YES;
				SWIFT_VERSION = 5.0;
				TARGETED_DEVICE_FAMILY = "1,2";
			};
			name = Release;
		};
		4B1E7167295FD0F0008F0312 /* Debug */ = {
			isa = XCBuildConfiguration;
			buildSettings = {
				ALWAYS_EMBED_SWIFT_STANDARD_LIBRARIES = YES;
				BUNDLE_LOADER = "$(TEST_HOST)";
				CODE_SIGN_STYLE = Automatic;
				CURRENT_PROJECT_VERSION = 1;
				GENERATE_INFOPLIST_FILE = YES;
				IPHONEOS_DEPLOYMENT_TARGET = 16.0;
				MARKETING_VERSION = 1.0;
				PRODUCT_BUNDLE_IDENTIFIER = dev.codingale.UISegmentControlTests;
				PRODUCT_NAME = "$(TARGET_NAME)";
				SWIFT_EMIT_LOC_STRINGS = NO;
				SWIFT_VERSION = 5.0;
				TARGETED_DEVICE_FAMILY = "1,2";
				TEST_HOST = "$(BUILT_PRODUCTS_DIR)/PickerPlus.app/$(BUNDLE_EXECUTABLE_FOLDER_PATH)/PickerPlus";
			};
			name = Debug;
		};
		4B1E7168295FD0F0008F0312 /* Release */ = {
			isa = XCBuildConfiguration;
			buildSettings = {
				ALWAYS_EMBED_SWIFT_STANDARD_LIBRARIES = YES;
				BUNDLE_LOADER = "$(TEST_HOST)";
				CODE_SIGN_STYLE = Automatic;
				CURRENT_PROJECT_VERSION = 1;
				GENERATE_INFOPLIST_FILE = YES;
				IPHONEOS_DEPLOYMENT_TARGET = 16.0;
				MARKETING_VERSION = 1.0;
				PRODUCT_BUNDLE_IDENTIFIER = dev.codingale.UISegmentControlTests;
				PRODUCT_NAME = "$(TARGET_NAME)";
				SWIFT_EMIT_LOC_STRINGS = NO;
				SWIFT_VERSION = 5.0;
				TARGETED_DEVICE_FAMILY = "1,2";
				TEST_HOST = "$(BUILT_PRODUCTS_DIR)/PickerPlus.app/$(BUNDLE_EXECUTABLE_FOLDER_PATH)/PickerPlus";
			};
			name = Release;
		};
		4B1E716A295FD0F0008F0312 /* Debug */ = {
			isa = XCBuildConfiguration;
			buildSettings = {
				ALWAYS_EMBED_SWIFT_STANDARD_LIBRARIES = YES;
				CODE_SIGN_STYLE = Automatic;
				CURRENT_PROJECT_VERSION = 1;
				GENERATE_INFOPLIST_FILE = YES;
				MARKETING_VERSION = 1.0;
				PRODUCT_BUNDLE_IDENTIFIER = dev.codingale.UISegmentControlUITests;
				PRODUCT_NAME = "$(TARGET_NAME)";
				SWIFT_EMIT_LOC_STRINGS = NO;
				SWIFT_VERSION = 5.0;
				TARGETED_DEVICE_FAMILY = "1,2";
				TEST_TARGET_NAME = UISegmentControl;
			};
			name = Debug;
		};
		4B1E716B295FD0F0008F0312 /* Release */ = {
			isa = XCBuildConfiguration;
			buildSettings = {
				ALWAYS_EMBED_SWIFT_STANDARD_LIBRARIES = YES;
				CODE_SIGN_STYLE = Automatic;
				CURRENT_PROJECT_VERSION = 1;
				GENERATE_INFOPLIST_FILE = YES;
				MARKETING_VERSION = 1.0;
				PRODUCT_BUNDLE_IDENTIFIER = dev.codingale.UISegmentControlUITests;
				PRODUCT_NAME = "$(TARGET_NAME)";
				SWIFT_EMIT_LOC_STRINGS = NO;
				SWIFT_VERSION = 5.0;
				TARGETED_DEVICE_FAMILY = "1,2";
				TEST_TARGET_NAME = UISegmentControl;
			};
			name = Release;
		};
/* End XCBuildConfiguration section */

/* Begin XCConfigurationList section */
		4B1E713A295FD0EE008F0312 /* Build configuration list for PBXProject "PickerPlus" */ = {
			isa = XCConfigurationList;
			buildConfigurations = (
				4B1E7161295FD0F0008F0312 /* Debug */,
				4B1E7162295FD0F0008F0312 /* Release */,
			);
			defaultConfigurationIsVisible = 0;
			defaultConfigurationName = Release;
		};
		4B1E7163295FD0F0008F0312 /* Build configuration list for PBXNativeTarget "PickerPlus" */ = {
			isa = XCConfigurationList;
			buildConfigurations = (
				4B1E7164295FD0F0008F0312 /* Debug */,
				4B1E7165295FD0F0008F0312 /* Release */,
			);
			defaultConfigurationIsVisible = 0;
			defaultConfigurationName = Release;
		};
		4B1E7166295FD0F0008F0312 /* Build configuration list for PBXNativeTarget "PickerPlusTests" */ = {
			isa = XCConfigurationList;
			buildConfigurations = (
				4B1E7167295FD0F0008F0312 /* Debug */,
				4B1E7168295FD0F0008F0312 /* Release */,
			);
			defaultConfigurationIsVisible = 0;
			defaultConfigurationName = Release;
		};
		4B1E7169295FD0F0008F0312 /* Build configuration list for PBXNativeTarget "PickerPlusUITests" */ = {
			isa = XCConfigurationList;
			buildConfigurations = (
				4B1E716A295FD0F0008F0312 /* Debug */,
				4B1E716B295FD0F0008F0312 /* Release */,
			);
			defaultConfigurationIsVisible = 0;
			defaultConfigurationName = Release;
		};
/* End XCConfigurationList section */
	};
	rootObject = 4B1E7137295FD0EE008F0312 /* Project object */;
}
